
Microsoft Visual Studio Solution File, Format Version 12.00
# Visual Studio Version 16
VisualStudioVersion = 16.0.30128.36
MinimumVisualStudioVersion = 10.0.40219.1
Project("{FAE04EC0-301F-11D3-BF4B-00C04F79EFBC}") = "IfStatementCSharp", "IfStatementCSharp\IfStatementCSharp.csproj", "{CA95B837-32E9-407E-AD05-7B055E2FD52D}"
EndProject
Global
	GlobalSection(SolutionConfigurationPlatforms) = preSolution
		Debug|Any CPU = Debug|Any CPU
		Release|Any CPU = Release|Any CPU
	EndGlobalSection
	GlobalSection(ProjectConfigurationPlatforms) = postSolution
		{CA95B837-32E9-407E-AD05-7B055E2FD52D}.Debug|Any CPU.ActiveCfg = Debug|Any CPU
		{CA95B837-32E9-407E-AD05-7B055E2FD52D}.Debug|Any CPU.Build.0 = Debug|Any CPU
		{CA95B837-32E9-407E-AD05-7B055E2FD52D}.Release|Any CPU.ActiveCfg = Release|Any CPU
		{CA95B837-32E9-407E-AD05-7B055E2FD52D}.Release|Any CPU.Build.0 = Release|Any CPU
	EndGlobalSection
	GlobalSection(SolutionProperties) = preSolution
		HideSolutionNode = FALSE
	EndGlobalSection
	GlobalSection(ExtensibilityGlobals) = postSolution
		SolutionGuid = {65E36404-C095-4400-AC0B-DDE82ABC3191}
	EndGlobalSection
EndGlobal
